// Bun lockfile — text JSONC format (Bun 1.2+).
// Generated by Bun v1.2.x.  Edit with care.
// Comments and trailing commas are valid JSONC — exercising the
// lockfile-jsonc-comments pattern intentionally.
{
  "lockfileVersion": 1,

  // workspaces: root-only project (no monorepo members).
  "workspaces": {
    "": {
      "name": "bun-basic-registry-probe",
      "dependencies": {
        "@hono/zod-validator": "^0.8.0",
        "@types/node": "^22.15.21",
        "hono": "^4.12.18",
        "zod": "^3.25.68",
      },
    },
  },

  // packages: resolved registry entries.
  // Tuple format: ["name@version", { metadata }, "integrity-hash"]
  "packages": {

    // Direct dep — scoped package (covers scoped-packages pattern).
    // @hono/zod-validator has peer deps on hono and zod.
    // Both hono and zod are ALSO direct root deps, forming a diamond:
    //   root -> hono              (direct)
    //   root -> @hono/zod-validator -> hono  (transitive reference)
    // The resolver picks a single version of hono and zod — diamond resolved.
    "@hono/zod-validator": ["@hono/zod-validator@0.8.0", {
      "peerDependencies": {
        "hono": ">=4.10.0",
        "zod": "^3.25.0 || ^4.0.0",
      },
    }, "sha512-MZpGk7IBTKFY8KgZnAi43pQ3UYnBmOhPgx5oyMk4hFNk97s4h/bJDEFUCKXc4+9lJGrLHiS3t6VRzYSHNlCQ=="],

    // Direct dep — scoped package (covers scoped-packages pattern).
    // @types/node -> undici-types (transitive-only dep — not in root deps).
    "@types/node": ["@types/node@22.15.21", {
      "dependencies": {
        "undici-types": "~6.21.0",
      },
    }, "sha512-T2VVQkuXXFRFqqyW5eMgqNmMDynZXQnUzqgWv7JvHKl1Q5nTDY2a6bWDhKNe6n/sIQTJ9IxA2rFtAHlGcN/w=="],

    // Direct dep — Bun-native HTTP framework.
    // No runtime deps (all utilities are bundled).
    "hono": ["hono@4.12.18", {}, "sha512-lDa6dTVuCMoAsT64WBnFLGjblc/HqhgKh9RiT8H9qCRmajAHYTNcv7ICfZFHcYCZODlJEUqKIl0O7sVGz0Bw=="],

    // Direct dep — schema validation library.
    // No runtime deps. Part of the diamond (also a peer dep of @hono/zod-validator).
    "zod": ["zod@3.25.68", {}, "sha512-6eOApC6Rv7Nyi8Kz0yrz9cBgzX4MBqnLKxSSVFcBOSHEkp8cOFHMQFxU3EWQfhCX9i7gS78hKR5J4xzLpKSQ=="],

    // Transitive-only dep — only reachable through @types/node.
    // Root never declares undici-types directly.
    // Covers the transitive-only-dep pattern.
    "undici-types": ["undici-types@6.21.0", {}, "sha512-iwDZqg/QlMCnPnhE+GNVQ9jEViKIHa+THVQIBJF8uFVtN1Y/p6p8CqrfkqnWfRRpMHEwIz3O1nSCz5mGgGSw=="],
  },
}